
Microsoft Visual Studio Solution File, Format Version 12.00
# Visual Studio Version 17
VisualStudioVersion = 17.11.35327.3
MinimumVisualStudioVersion = 10.0.40219.1
Project("{FAE04EC0-301F-11D3-BF4B-00C04F79EFBC}") = "Assignment_2.3.1", "Assignment_2.3.1.csproj", "{1C7C62BA-1BD0-4E33-85F1-7C4652DFD8DA}"
EndProject
Global
	GlobalSection(SolutionConfigurationPlatforms) = preSolution
		Debug|Any CPU = Debug|Any CPU
		Release|Any CPU = Release|Any CPU
	EndGlobalSection
	GlobalSection(ProjectConfigurationPlatforms) = postSolution
		{1C7C62BA-1BD0-4E33-85F1-7C4652DFD8DA}.Debug|Any CPU.ActiveCfg = Debug|Any CPU
		{1C7C62BA-1BD0-4E33-85F1-7C4652DFD8DA}.Debug|Any CPU.Build.0 = Debug|Any CPU
		{1C7C62BA-1BD0-4E33-85F1-7C4652DFD8DA}.Release|Any CPU.ActiveCfg = Release|Any CPU
		{1C7C62BA-1BD0-4E33-85F1-7C4652DFD8DA}.Release|Any CPU.Build.0 = Release|Any CPU
	EndGlobalSection
	GlobalSection(SolutionProperties) = preSolution
		HideSolutionNode = FALSE
	EndGlobalSection
	GlobalSection(ExtensibilityGlobals) = postSolution
		SolutionGuid = {255BE781-5E5E-4A70-97B3-D5EAD3522842}
	EndGlobalSection
EndGlobal
